DEPENDENCIES
  gluster
    git: git://github.com/RightScale-Services-Cookbooks/gluster.git
    revision: 4788cd625602a312020e602a01c56f5c56edde7b
  rsc_gluster
    path: .
    metadata: true

GRAPH
  apt (2.8.0)
  gluster (0.1.0)
    apt (>= 0.0.0)
    yum (>= 0.0.0)
  machine_tag (1.0.9)
  marker (1.0.1)
  rsc_gluster (0.1.0)
    gluster (>= 0.0.0)
    machine_tag (>= 0.0.0)
    marker (>= 0.0.0)
  yum (3.6.3)
